// !$*UTF8*$!
{
	archiveVersion = 1;
	classes = {
	};
	objectVersion = 46;
	objects = {

/* Begin PBXBuildFile section */
		132AF6151DFDA250005B549E /* MatchCollectionViewCell.xib in Resources */ = {isa = PBXBuildFile; fileRef = 132AF6141DFDA250005B549E /* MatchCollectionViewCell.xib */; };
		132AF6171DFDAA25005B549E /* MatchCollectionViewCell.swift in Sources */ = {isa = PBXBuildFile; fileRef = 132AF6161DFDAA25005B549E /* MatchCollectionViewCell.swift */; };
		132AF61A1DFDC465005B549E /* MessageTableViewCell.swift in Sources */ = {isa = PBXBuildFile; fileRef = 132AF6181DFDC465005B549E /* MessageTableViewCell.swift */; };
		132AF61B1DFDC465005B549E /* MessageTableViewCell.xib in Resources */ = {isa = PBXBuildFile; fileRef = 132AF6191DFDC465005B549E /* MessageTableViewCell.xib */; };
		13558E1D1DFAE08600E0CC6B /* UIColorExtension.swift in Sources */ = {isa = PBXBuildFile; fileRef = 13558E1C1DFAE08600E0CC6B /* UIColorExtension.swift */; };
		13558E201DFAFF8300E0CC6B /* CardView.swift in Sources */ = {isa = PBXBuildFile; fileRef = 13558E1F1DFAFF8300E0CC6B /* CardView.swift */; };
		13558E221DFAFF9100E0CC6B /* CardView.xib in Resources */ = {isa = PBXBuildFile; fileRef = 13558E211DFAFF9100E0CC6B /* CardView.xib */; };
		13558E241DFB182800E0CC6B /* CustomKolodaView.swift in Sources */ = {isa = PBXBuildFile; fileRef = 13558E231DFB182800E0CC6B /* CustomKolodaView.swift */; };
		1357FC8B1DFEB98400DAD45E /* MessageSectionHeaderView.swift in Sources */ = {isa = PBXBuildFile; fileRef = 1357FC8A1DFEB98400DAD45E /* MessageSectionHeaderView.swift */; };
		1357FC8D1DFEB99100DAD45E /* MessageSectionHeaderView.xib in Resources */ = {isa = PBXBuildFile; fileRef = 1357FC8C1DFEB99100DAD45E /* MessageSectionHeaderView.xib */; };
		139462651E1B9DB000091218 /* SwipeViewModel.swift in Sources */ = {isa = PBXBuildFile; fileRef = 139462641E1B9DB000091218 /* SwipeViewModel.swift */; };
		13A433AB1E0AACDE002079F5 /* Api.swift in Sources */ = {isa = PBXBuildFile; fileRef = 13A433AA1E0AACDD002079F5 /* Api.swift */; };
		13A433AD1E0AAD38002079F5 /* ShotRequest.swift in Sources */ = {isa = PBXBuildFile; fileRef = 13A433AC1E0AAD38002079F5 /* ShotRequest.swift */; };
		13A433AF1E0AAD43002079F5 /* UserRequest.swift in Sources */ = {isa = PBXBuildFile; fileRef = 13A433AE1E0AAD43002079F5 /* UserRequest.swift */; };
		13A433B11E0AB340002079F5 /* Shot.swift in Sources */ = {isa = PBXBuildFile; fileRef = 13A433B01E0AB340002079F5 /* Shot.swift */; };
		13A433B31E0ABA0C002079F5 /* Image.swift in Sources */ = {isa = PBXBuildFile; fileRef = 13A433B21E0ABA0C002079F5 /* Image.swift */; };
		13A433B61E0BE92D002079F5 /* Detail.storyboard in Resources */ = {isa = PBXBuildFile; fileRef = 13A433B51E0BE92D002079F5 /* Detail.storyboard */; };
		13A433B81E0BE950002079F5 /* DetailViewController.swift in Sources */ = {isa = PBXBuildFile; fileRef = 13A433B71E0BE950002079F5 /* DetailViewController.swift */; };
		13A576921DFFFC7800A9515B /* SwipeOverlayView.swift in Sources */ = {isa = PBXBuildFile; fileRef = 13A576911DFFFC7800A9515B /* SwipeOverlayView.swift */; };
		13A576941DFFFCFB00A9515B /* SwipeOverlayView.xib in Resources */ = {isa = PBXBuildFile; fileRef = 13A576931DFFFCFB00A9515B /* SwipeOverlayView.xib */; };
		13AC0C161DFEC11200EFE2BA /* MessageCollectionView.swift in Sources */ = {isa = PBXBuildFile; fileRef = 13AC0C151DFEC11200EFE2BA /* MessageCollectionView.swift */; };
		13AC0C181DFEC11C00EFE2BA /* MessageCollectionView.xib in Resources */ = {isa = PBXBuildFile; fileRef = 13AC0C171DFEC11C00EFE2BA /* MessageCollectionView.xib */; };
		13C6AF441E38C54F00722A25 /* MyselfCell.xib in Resources */ = {isa = PBXBuildFile; fileRef = 13C6AF431E38C54F00722A25 /* MyselfCell.xib */; };
		13C6AF461E38C60C00722A25 /* OppenentCell.xib in Resources */ = {isa = PBXBuildFile; fileRef = 13C6AF451E38C60C00722A25 /* OppenentCell.xib */; };
		13D06BA71E09867F003CDCBB /* User.swift in Sources */ = {isa = PBXBuildFile; fileRef = 13D06BA61E09867F003CDCBB /* User.swift */; };
		13D06BA91E0987B2003CDCBB /* MessageViewModel.swift in Sources */ = {isa = PBXBuildFile; fileRef = 13D06BA81E0987B2003CDCBB /* MessageViewModel.swift */; };
		13DE7D121DF7D91E006C07C5 /* AppDelegate.swift in Sources */ = {isa = PBXBuildFile; fileRef = 13DE7D111DF7D91E006C07C5 /* AppDelegate.swift */; };
		13DE7D171DF7D91E006C07C5 /* Main.storyboard in Resources */ = {isa = PBXBuildFile; fileRef = 13DE7D151DF7D91E006C07C5 /* Main.storyboard */; };
		13DE7D191DF7D91E006C07C5 /* Assets.xcassets in Resources */ = {isa = PBXBuildFile; fileRef = 13DE7D181DF7D91E006C07C5 /* Assets.xcassets */; };
		13DE7D1C1DF7D91E006C07C5 /* LaunchScreen.storyboard in Resources */ = {isa = PBXBuildFile; fileRef = 13DE7D1A1DF7D91E006C07C5 /* LaunchScreen.storyboard */; };
		13DE7D271DF7D91F006C07C5 /* TindestTests.swift in Sources */ = {isa = PBXBuildFile; fileRef = 13DE7D261DF7D91F006C07C5 /* TindestTests.swift */; };
		13DE7D321DF7D91F006C07C5 /* TindestUITests.swift in Sources */ = {isa = PBXBuildFile; fileRef = 13DE7D311DF7D91F006C07C5 /* TindestUITests.swift */; };
		13DE7D421DF7FF2C006C07C5 /* MainViewController.swift in Sources */ = {isa = PBXBuildFile; fileRef = 13DE7D411DF7FF2C006C07C5 /* MainViewController.swift */; };
		13DE7D441DF7FF8C006C07C5 /* SwipeViewController.swift in Sources */ = {isa = PBXBuildFile; fileRef = 13DE7D431DF7FF8C006C07C5 /* SwipeViewController.swift */; };
		13DE7D461DF7FF97006C07C5 /* ProfileViewController.swift in Sources */ = {isa = PBXBuildFile; fileRef = 13DE7D451DF7FF97006C07C5 /* ProfileViewController.swift */; };
		13DE7D481DF7FFA0006C07C5 /* MessageViewController.swift in Sources */ = {isa = PBXBuildFile; fileRef = 13DE7D471DF7FFA0006C07C5 /* MessageViewController.swift */; };
		13DE7D4B1DF80082006C07C5 /* Swipe.storyboard in Resources */ = {isa = PBXBuildFile; fileRef = 13DE7D4A1DF80082006C07C5 /* Swipe.storyboard */; };
		13DE7D4D1DF8008A006C07C5 /* Profile.storyboard in Resources */ = {isa = PBXBuildFile; fileRef = 13DE7D4C1DF8008A006C07C5 /* Profile.storyboard */; };
		13DE7D4F1DF80091006C07C5 /* Message.storyboard in Resources */ = {isa = PBXBuildFile; fileRef = 13DE7D4E1DF80091006C07C5 /* Message.storyboard */; };
		13DE7D531DF8388F006C07C5 /* TabItemCell.xib in Resources */ = {isa = PBXBuildFile; fileRef = 13DE7D521DF8388F006C07C5 /* TabItemCell.xib */; };
		13DE7D551DF8391D006C07C5 /* TabItemCell.swift in Sources */ = {isa = PBXBuildFile; fileRef = 13DE7D541DF8391D006C07C5 /* TabItemCell.swift */; };
		13E38F621E260E4D00FE790F /* SwipeToDetailTransition.swift in Sources */ = {isa = PBXBuildFile; fileRef = 13E38F611E260E4D00FE790F /* SwipeToDetailTransition.swift */; };
		13E38F641E2633DE00FE790F /* MovableUIButton.swift in Sources */ = {isa = PBXBuildFile; fileRef = 13E38F631E2633DE00FE790F /* MovableUIButton.swift */; };
		13E683FD1E386E62009340FA /* ChatViewController.swift in Sources */ = {isa = PBXBuildFile; fileRef = 13E683FC1E386E62009340FA /* ChatViewController.swift */; };
		13E683FF1E386E6E009340FA /* Chat.storyboard in Resources */ = {isa = PBXBuildFile; fileRef = 13E683FE1E386E6E009340FA /* Chat.storyboard */; };
		49FFA0CE1CA71531EB1E8106 /* Pods_Tindest.framework in Frameworks */ = {isa = PBXBuildFile; fileRef = AD7B8CF32455B4FC5CAD6374 /* Pods_Tindest.framework */; };
/* End PBXBuildFile section */

/* Begin PBXContainerItemProxy section */
		13DE7D231DF7D91F006C07C5 /* PBXContainerItemProxy */ = {
			isa = PBXContainerItemProxy;
			containerPortal = 13DE7D061DF7D91E006C07C5 /* Project object */;
			proxyType = 1;
			remoteGlobalIDString = 13DE7D0D1DF7D91E006C07C5;
			remoteInfo = Tindest;
		};
		13DE7D2E1DF7D91F006C07C5 /* PBXContainerItemProxy */ = {
			isa = PBXContainerItemProxy;
			containerPortal = 13DE7D061DF7D91E006C07C5 /* Project object */;
			proxyType = 1;
			remoteGlobalIDString = 13DE7D0D1DF7D91E006C07C5;
			remoteInfo = Tindest;
		};
/* End PBXContainerItemProxy section */

/* Begin PBXFileReference section */
		132AF6141DFDA250005B549E /* MatchCollectionViewCell.xib */ = {isa = PBXFileReference; fileEncoding = 4; lastKnownFileType = file.xib; path = MatchCollectionViewCell.xib; sourceTree = "<group>"; };
		132AF6161DFDAA25005B549E /* MatchCollectionViewCell.swift */ = {isa = PBXFileReference; fileEncoding = 4; lastKnownFileType = sourcecode.swift; path = MatchCollectionViewCell.swift; sourceTree = "<group>"; };
		132AF6181DFDC465005B549E /* MessageTableViewCell.swift */ = {isa = PBXFileReference; fileEncoding = 4; lastKnownFileType = sourcecode.swift; path = MessageTableViewCell.swift; sourceTree = "<group>"; };
		132AF6191DFDC465005B549E /* MessageTableViewCell.xib */ = {isa = PBXFileReference; fileEncoding = 4; lastKnownFileType = file.xib; path = MessageTableViewCell.xib; sourceTree = "<group>"; };
		13558E1C1DFAE08600E0CC6B /* UIColorExtension.swift */ = {isa = PBXFileReference; fileEncoding = 4; lastKnownFileType = sourcecode.swift; path = UIColorExtension.swift; sourceTree = "<group>"; };
		13558E1F1DFAFF8300E0CC6B /* CardView.swift */ = {isa = PBXFileReference; fileEncoding = 4; lastKnownFileType = sourcecode.swift; path = CardView.swift; sourceTree = "<group>"; };
		13558E211DFAFF9100E0CC6B /* CardView.xib */ = {isa = PBXFileReference; fileEncoding = 4; lastKnownFileType = file.xib; path = CardView.xib; sourceTree = "<group>"; };
		13558E231DFB182800E0CC6B /* CustomKolodaView.swift */ = {isa = PBXFileReference; fileEncoding = 4; lastKnownFileType = sourcecode.swift; path = CustomKolodaView.swift; sourceTree = "<group>"; };
		1357FC8A1DFEB98400DAD45E /* MessageSectionHeaderView.swift */ = {isa = PBXFileReference; fileEncoding = 4; lastKnownFileType = sourcecode.swift; path = MessageSectionHeaderView.swift; sourceTree = "<group>"; };
		1357FC8C1DFEB99100DAD45E /* MessageSectionHeaderView.xib */ = {isa = PBXFileReference; fileEncoding = 4; lastKnownFileType = file.xib; path = MessageSectionHeaderView.xib; sourceTree = "<group>"; };
		139462641E1B9DB000091218 /* SwipeViewModel.swift */ = {isa = PBXFileReference; fileEncoding = 4; lastKnownFileType = sourcecode.swift; path = SwipeViewModel.swift; sourceTree = "<group>"; };
		13A433AA1E0AACDD002079F5 /* Api.swift */ = {isa = PBXFileReference; fileEncoding = 4; lastKnownFileType = sourcecode.swift; path = Api.swift; sourceTree = "<group>"; };
		13A433AC1E0AAD38002079F5 /* ShotRequest.swift */ = {isa = PBXFileReference; fileEncoding = 4; lastKnownFileType = sourcecode.swift; path = ShotRequest.swift; sourceTree = "<group>"; };
		13A433AE1E0AAD43002079F5 /* UserRequest.swift */ = {isa = PBXFileReference; fileEncoding = 4; lastKnownFileType = sourcecode.swift; path = UserRequest.swift; sourceTree = "<group>"; };
		13A433B01E0AB340002079F5 /* Shot.swift */ = {isa = PBXFileReference; fileEncoding = 4; lastKnownFileType = sourcecode.swift; path = Shot.swift; sourceTree = "<group>"; };
		13A433B21E0ABA0C002079F5 /* Image.swift */ = {isa = PBXFileReference; fileEncoding = 4; lastKnownFileType = sourcecode.swift; path = Image.swift; sourceTree = "<group>"; };
		13A433B51E0BE92D002079F5 /* Detail.storyboard */ = {isa = PBXFileReference; fileEncoding = 4; lastKnownFileType = file.storyboard; path = Detail.storyboard; sourceTree = "<group>"; };
		13A433B71E0BE950002079F5 /* DetailViewController.swift */ = {isa = PBXFileReference; fileEncoding = 4; lastKnownFileType = sourcecode.swift; path = DetailViewController.swift; sourceTree = "<group>"; };
		13A576911DFFFC7800A9515B /* SwipeOverlayView.swift */ = {isa = PBXFileReference; fileEncoding = 4; lastKnownFileType = sourcecode.swift; path = SwipeOverlayView.swift; sourceTree = "<group>"; };
		13A576931DFFFCFB00A9515B /* SwipeOverlayView.xib */ = {isa = PBXFileReference; fileEncoding = 4; lastKnownFileType = file.xib; path = SwipeOverlayView.xib; sourceTree = "<group>"; };
		13AC0C151DFEC11200EFE2BA /* MessageCollectionView.swift */ = {isa = PBXFileReference; fileEncoding = 4; lastKnownFileType = sourcecode.swift; path = MessageCollectionView.swift; sourceTree = "<group>"; };
		13AC0C171DFEC11C00EFE2BA /* MessageCollectionView.xib */ = {isa = PBXFileReference; fileEncoding = 4; lastKnownFileType = file.xib; path = MessageCollectionView.xib; sourceTree = "<group>"; };
		13C6AF431E38C54F00722A25 /* MyselfCell.xib */ = {isa = PBXFileReference; fileEncoding = 4; lastKnownFileType = file.xib; path = MyselfCell.xib; sourceTree = "<group>"; };
		13C6AF451E38C60C00722A25 /* OppenentCell.xib */ = {isa = PBXFileReference; fileEncoding = 4; lastKnownFileType = file.xib; path = OppenentCell.xib; sourceTree = "<group>"; };
		13D06BA61E09867F003CDCBB /* User.swift */ = {isa = PBXFileReference; fileEncoding = 4; lastKnownFileType = sourcecode.swift; path = User.swift; sourceTree = "<group>"; };
		13D06BA81E0987B2003CDCBB /* MessageViewModel.swift */ = {isa = PBXFileReference; fileEncoding = 4; lastKnownFileType = sourcecode.swift; path = MessageViewModel.swift; sourceTree = "<group>"; };
		13DE7D0E1DF7D91E006C07C5 /* Tindest.app */ = {isa = PBXFileReference; explicitFileType = wrapper.application; includeInIndex = 0; path = Tindest.app; sourceTree = BUILT_PRODUCTS_DIR; };
		13DE7D111DF7D91E006C07C5 /* AppDelegate.swift */ = {isa = PBXFileReference; lastKnownFileType = sourcecode.swift; path = AppDelegate.swift; sourceTree = "<group>"; };
		13DE7D161DF7D91E006C07C5 /* Base */ = {isa = PBXFileReference; lastKnownFileType = file.storyboard; name = Base; path = Base.lproj/Main.storyboard; sourceTree = "<group>"; };
		13DE7D181DF7D91E006C07C5 /* Assets.xcassets */ = {isa = PBXFileReference; lastKnownFileType = folder.assetcatalog; path = Assets.xcassets; sourceTree = "<group>"; };
		13DE7D1B1DF7D91E006C07C5 /* Base */ = {isa = PBXFileReference; lastKnownFileType = file.storyboard; name = Base; path = Base.lproj/LaunchScreen.storyboard; sourceTree = "<group>"; };
		13DE7D1D1DF7D91E006C07C5 /* Info.plist */ = {isa = PBXFileReference; lastKnownFileType = text.plist.xml; path = Info.plist; sourceTree = "<group>"; };
		13DE7D221DF7D91E006C07C5 /* TindestTests.xctest */ = {isa = PBXFileReference; explicitFileType = wrapper.cfbundle; includeInIndex = 0; path = TindestTests.xctest; sourceTree = BUILT_PRODUCTS_DIR; };
		13DE7D261DF7D91F006C07C5 /* TindestTests.swift */ = {isa = PBXFileReference; lastKnownFileType = sourcecode.swift; path = TindestTests.swift; sourceTree = "<group>"; };
		13DE7D281DF7D91F006C07C5 /* Info.plist */ = {isa = PBXFileReference; lastKnownFileType = text.plist.xml; path = Info.plist; sourceTree = "<group>"; };
		13DE7D2D1DF7D91F006C07C5 /* TindestUITests.xctest */ = {isa = PBXFileReference; explicitFileType = wrapper.cfbundle; includeInIndex = 0; path = TindestUITests.xctest; sourceTree = BUILT_PRODUCTS_DIR; };
		13DE7D311DF7D91F006C07C5 /* TindestUITests.swift */ = {isa = PBXFileReference; lastKnownFileType = sourcecode.swift; path = TindestUITests.swift; sourceTree = "<group>"; };
		13DE7D331DF7D91F006C07C5 /* Info.plist */ = {isa = PBXFileReference; lastKnownFileType = text.plist.xml; path = Info.plist; sourceTree = "<group>"; };
		13DE7D411DF7FF2C006C07C5 /* MainViewController.swift */ = {isa = PBXFileReference; fileEncoding = 4; lastKnownFileType = sourcecode.swift; path = MainViewController.swift; sourceTree = "<group>"; };
		13DE7D431DF7FF8C006C07C5 /* SwipeViewController.swift */ = {isa = PBXFileReference; fileEncoding = 4; lastKnownFileType = sourcecode.swift; path = SwipeViewController.swift; sourceTree = "<group>"; };
		13DE7D451DF7FF97006C07C5 /* ProfileViewController.swift */ = {isa = PBXFileReference; fileEncoding = 4; lastKnownFileType = sourcecode.swift; path = ProfileViewController.swift; sourceTree = "<group>"; };
		13DE7D471DF7FFA0006C07C5 /* MessageViewController.swift */ = {isa = PBXFileReference; fileEncoding = 4; lastKnownFileType = sourcecode.swift; path = MessageViewController.swift; sourceTree = "<group>"; };
		13DE7D4A1DF80082006C07C5 /* Swipe.storyboard */ = {isa = PBXFileReference; fileEncoding = 4; lastKnownFileType = file.storyboard; path = Swipe.storyboard; sourceTree = "<group>"; };
		13DE7D4C1DF8008A006C07C5 /* Profile.storyboard */ = {isa = PBXFileReference; fileEncoding = 4; lastKnownFileType = file.storyboard; path = Profile.storyboard; sourceTree = "<group>"; };
		13DE7D4E1DF80091006C07C5 /* Message.storyboard */ = {isa = PBXFileReference; fileEncoding = 4; lastKnownFileType = file.storyboard; path = Message.storyboard; sourceTree = "<group>"; };
		13DE7D521DF8388F006C07C5 /* TabItemCell.xib */ = {isa = PBXFileReference; fileEncoding = 4; lastKnownFileType = file.xib; path = TabItemCell.xib; sourceTree = "<group>"; };
		13DE7D541DF8391D006C07C5 /* TabItemCell.swift */ = {isa = PBXFileReference; fileEncoding = 4; lastKnownFileType = sourcecode.swift; path = TabItemCell.swift; sourceTree = "<group>"; };
		13E38F611E260E4D00FE790F /* SwipeToDetailTransition.swift */ = {isa = PBXFileReference; fileEncoding = 4; lastKnownFileType = sourcecode.swift; path = SwipeToDetailTransition.swift; sourceTree = "<group>"; };
		13E38F631E2633DE00FE790F /* MovableUIButton.swift */ = {isa = PBXFileReference; fileEncoding = 4; lastKnownFileType = sourcecode.swift; path = MovableUIButton.swift; sourceTree = "<group>"; };
		13E683FC1E386E62009340FA /* ChatViewController.swift */ = {isa = PBXFileReference; fileEncoding = 4; lastKnownFileType = sourcecode.swift; path = ChatViewController.swift; sourceTree = "<group>"; };
		13E683FE1E386E6E009340FA /* Chat.storyboard */ = {isa = PBXFileReference; fileEncoding = 4; lastKnownFileType = file.storyboard; path = Chat.storyboard; sourceTree = "<group>"; };
		AD7B8CF32455B4FC5CAD6374 /* Pods_Tindest.framework */ = {isa = PBXFileReference; explicitFileType = wrapper.framework; includeInIndex = 0; path = Pods_Tindest.framework; sourceTree = BUILT_PRODUCTS_DIR; };
		BDE0E4EB18B390D8F8A50AC7 /* Pods-Tindest.release.xcconfig */ = {isa = PBXFileReference; includeInIndex = 1; lastKnownFileType = text.xcconfig; name = "Pods-Tindest.release.xcconfig"; path = "Pods/Target Support Files/Pods-Tindest/Pods-Tindest.release.xcconfig"; sourceTree = "<group>"; };
		F45F37F78CF7F5F37003FA2B /* Pods-Tindest.debug.xcconfig */ = {isa = PBXFileReference; includeInIndex = 1; lastKnownFileType = text.xcconfig; name = "Pods-Tindest.debug.xcconfig"; path = "Pods/Target Support Files/Pods-Tindest/Pods-Tindest.debug.xcconfig"; sourceTree = "<group>"; };
/* End PBXFileReference section */

/* Begin PBXFrameworksBuildPhase section */
		13DE7D0B1DF7D91E006C07C5 /* Frameworks */ = {
			isa = PBXFrameworksBuildPhase;
			buildActionMask = 2147483647;
			files = (
				49FFA0CE1CA71531EB1E8106 /* Pods_Tindest.framework in Frameworks */,
			);
			runOnlyForDeploymentPostprocessing = 0;
		};
		13DE7D1F1DF7D91E006C07C5 /* Frameworks */ = {
			isa = PBXFrameworksBuildPhase;
			buildActionMask = 2147483647;
			files = (
			);
			runOnlyForDeploymentPostprocessing = 0;
		};
		13DE7D2A1DF7D91F006C07C5 /* Frameworks */ = {
			isa = PBXFrameworksBuildPhase;
			buildActionMask = 2147483647;
			files = (
			);
			runOnlyForDeploymentPostprocessing = 0;
		};
/* End PBXFrameworksBuildPhase section */

/* Begin PBXGroup section */
		13558E191DFAE05500E0CC6B /* Extensions */ = {
			isa = PBXGroup;
			children = (
				13558E1C1DFAE08600E0CC6B /* UIColorExtension.swift */,
			);
			name = Extensions;
			sourceTree = "<group>";
		};
		1357FC871DFEB8DE00DAD45E /* Swipe */ = {
			isa = PBXGroup;
			children = (
				13DE7D431DF7FF8C006C07C5 /* SwipeViewController.swift */,
				13DE7D4A1DF80082006C07C5 /* Swipe.storyboard */,
				13558E231DFB182800E0CC6B /* CustomKolodaView.swift */,
				13A576911DFFFC7800A9515B /* SwipeOverlayView.swift */,
				13A576931DFFFCFB00A9515B /* SwipeOverlayView.xib */,
				13558E1F1DFAFF8300E0CC6B /* CardView.swift */,
				13558E211DFAFF9100E0CC6B /* CardView.xib */,
			);
			name = Swipe;
			sourceTree = "<group>";
		};
		1357FC881DFEB8EB00DAD45E /* Profile */ = {
			isa = PBXGroup;
			children = (
				13DE7D451DF7FF97006C07C5 /* ProfileViewController.swift */,
				13DE7D4C1DF8008A006C07C5 /* Profile.storyboard */,
			);
			name = Profile;
			sourceTree = "<group>";
		};
		1357FC891DFEB8F600DAD45E /* Message */ = {
			isa = PBXGroup;
			children = (
				13DE7D471DF7FFA0006C07C5 /* MessageViewController.swift */,
				13DE7D4E1DF80091006C07C5 /* Message.storyboard */,
				132AF6141DFDA250005B549E /* MatchCollectionViewCell.xib */,
				132AF6161DFDAA25005B549E /* MatchCollectionViewCell.swift */,
				132AF6181DFDC465005B549E /* MessageTableViewCell.swift */,
				132AF6191DFDC465005B549E /* MessageTableViewCell.xib */,
				1357FC8A1DFEB98400DAD45E /* MessageSectionHeaderView.swift */,
				1357FC8C1DFEB99100DAD45E /* MessageSectionHeaderView.xib */,
				13AC0C151DFEC11200EFE2BA /* MessageCollectionView.swift */,
				13AC0C171DFEC11C00EFE2BA /* MessageCollectionView.xib */,
			);
			name = Message;
			sourceTree = "<group>";
		};
		139462621E1B9D8000091218 /* Message */ = {
			isa = PBXGroup;
			children = (
				13D06BA81E0987B2003CDCBB /* MessageViewModel.swift */,
			);
			name = Message;
			sourceTree = "<group>";
		};
		139462631E1B9D9300091218 /* Swipe */ = {
			isa = PBXGroup;
			children = (
				139462641E1B9DB000091218 /* SwipeViewModel.swift */,
			);
			name = Swipe;
			sourceTree = "<group>";
		};
		13A433A71E0AAAB9002079F5 /* Entity */ = {
			isa = PBXGroup;
			children = (
				13D06BA61E09867F003CDCBB /* User.swift */,
				13A433B01E0AB340002079F5 /* Shot.swift */,
				13A433B21E0ABA0C002079F5 /* Image.swift */,
			);
			name = Entity;
			sourceTree = "<group>";
		};
		13A433A81E0AAAC7002079F5 /* Request */ = {
			isa = PBXGroup;
			children = (
				13A433AA1E0AACDD002079F5 /* Api.swift */,
				13A433AC1E0AAD38002079F5 /* ShotRequest.swift */,
				13A433AE1E0AAD43002079F5 /* UserRequest.swift */,
			);
			name = Request;
			sourceTree = "<group>";
		};
		13A433A91E0AAAD1002079F5 /* Storage */ = {
			isa = PBXGroup;
			children = (
			);
			name = Storage;
			sourceTree = "<group>";
		};
		13A433B41E0BE90C002079F5 /* Detail */ = {
			isa = PBXGroup;
			children = (
				13A433B51E0BE92D002079F5 /* Detail.storyboard */,
				13A433B71E0BE950002079F5 /* DetailViewController.swift */,
			);
			name = Detail;
			sourceTree = "<group>";
		};
		13D06BA41E09821B003CDCBB /* ViewModel */ = {
			isa = PBXGroup;
			children = (
				139462631E1B9D9300091218 /* Swipe */,
				139462621E1B9D8000091218 /* Message */,
			);
			name = ViewModel;
			sourceTree = "<group>";
		};
		13D06BA51E098672003CDCBB /* Model */ = {
			isa = PBXGroup;
			children = (
				13A433A91E0AAAD1002079F5 /* Storage */,
				13A433A81E0AAAC7002079F5 /* Request */,
				13A433A71E0AAAB9002079F5 /* Entity */,
			);
			name = Model;
			sourceTree = "<group>";
		};
		13DE7D051DF7D91E006C07C5 = {
			isa = PBXGroup;
			children = (
				13DE7D101DF7D91E006C07C5 /* Tindest */,
				13DE7D251DF7D91F006C07C5 /* TindestTests */,
				13DE7D301DF7D91F006C07C5 /* TindestUITests */,
				13DE7D0F1DF7D91E006C07C5 /* Products */,
				36F75EFFA009CD0AA85DBD55 /* Pods */,
				6B79CF4F16F61DA6D4A2CF48 /* Frameworks */,
			);
			sourceTree = "<group>";
		};
		13DE7D0F1DF7D91E006C07C5 /* Products */ = {
			isa = PBXGroup;
			children = (
				13DE7D0E1DF7D91E006C07C5 /* Tindest.app */,
				13DE7D221DF7D91E006C07C5 /* TindestTests.xctest */,
				13DE7D2D1DF7D91F006C07C5 /* TindestUITests.xctest */,
			);
			name = Products;
			sourceTree = "<group>";
		};
		13DE7D101DF7D91E006C07C5 /* Tindest */ = {
			isa = PBXGroup;
			children = (
				13E38F601E260E0D00FE790F /* Animation */,
				13558E191DFAE05500E0CC6B /* Extensions */,
				13D06BA51E098672003CDCBB /* Model */,
				13D06BA41E09821B003CDCBB /* ViewModel */,
				13DE7D401DF7FEBC006C07C5 /* View */,
				13DE7D111DF7D91E006C07C5 /* AppDelegate.swift */,
				13DE7D181DF7D91E006C07C5 /* Assets.xcassets */,
				13DE7D1A1DF7D91E006C07C5 /* LaunchScreen.storyboard */,
				13DE7D1D1DF7D91E006C07C5 /* Info.plist */,
			);
			path = Tindest;
			sourceTree = "<group>";
		};
		13DE7D251DF7D91F006C07C5 /* TindestTests */ = {
			isa = PBXGroup;
			children = (
				13DE7D261DF7D91F006C07C5 /* TindestTests.swift */,
				13DE7D281DF7D91F006C07C5 /* Info.plist */,
			);
			path = TindestTests;
			sourceTree = "<group>";
		};
		13DE7D301DF7D91F006C07C5 /* TindestUITests */ = {
			isa = PBXGroup;
			children = (
				13DE7D311DF7D91F006C07C5 /* TindestUITests.swift */,
				13DE7D331DF7D91F006C07C5 /* Info.plist */,
			);
			path = TindestUITests;
			sourceTree = "<group>";
		};
		13DE7D401DF7FEBC006C07C5 /* View */ = {
			isa = PBXGroup;
			children = (
				13DE7D151DF7D91E006C07C5 /* Main.storyboard */,
				13DE7D411DF7FF2C006C07C5 /* MainViewController.swift */,
				13DE7D521DF8388F006C07C5 /* TabItemCell.xib */,
				13DE7D541DF8391D006C07C5 /* TabItemCell.swift */,
				1357FC891DFEB8F600DAD45E /* Message */,
				13E683F91E386E25009340FA /* Chat */,
				1357FC881DFEB8EB00DAD45E /* Profile */,
				1357FC871DFEB8DE00DAD45E /* Swipe */,
				13A433B41E0BE90C002079F5 /* Detail */,
			);
			name = View;
			sourceTree = "<group>";
		};
		13E38F601E260E0D00FE790F /* Animation */ = {
			isa = PBXGroup;
			children = (
				13E38F611E260E4D00FE790F /* SwipeToDetailTransition.swift */,
				13E38F631E2633DE00FE790F /* MovableUIButton.swift */,
			);
			name = Animation;
			sourceTree = "<group>";
		};
		13E683F91E386E25009340FA /* Chat */ = {
			isa = PBXGroup;
			children = (
				13E683FC1E386E62009340FA /* ChatViewController.swift */,
				13E683FE1E386E6E009340FA /* Chat.storyboard */,
				13C6AF431E38C54F00722A25 /* MyselfCell.xib */,
				13C6AF451E38C60C00722A25 /* OppenentCell.xib */,
			);
			name = Chat;
			sourceTree = "<group>";
		};
		36F75EFFA009CD0AA85DBD55 /* Pods */ = {
			isa = PBXGroup;
			children = (
				F45F37F78CF7F5F37003FA2B /* Pods-Tindest.debug.xcconfig */,
				BDE0E4EB18B390D8F8A50AC7 /* Pods-Tindest.release.xcconfig */,
			);
			name = Pods;
			sourceTree = "<group>";
		};
		6B79CF4F16F61DA6D4A2CF48 /* Frameworks */ = {
			isa = PBXGroup;
			children = (
				AD7B8CF32455B4FC5CAD6374 /* Pods_Tindest.framework */,
			);
			name = Frameworks;
			sourceTree = "<group>";
		};
/* End PBXGroup section */

/* Begin PBXNativeTarget section */
		13DE7D0D1DF7D91E006C07C5 /* Tindest */ = {
			isa = PBXNativeTarget;
			buildConfigurationList = 13DE7D361DF7D91F006C07C5 /* Build configuration list for PBXNativeTarget "Tindest" */;
			buildPhases = (
				AC19E738BE7248F9485CFC1B /* [CP] Check Pods Manifest.lock */,
				13DE7D0A1DF7D91E006C07C5 /* Sources */,
				13DE7D0B1DF7D91E006C07C5 /* Frameworks */,
				13DE7D0C1DF7D91E006C07C5 /* Resources */,
				0F8A758B22CF963BA9998221 /* [CP] Embed Pods Frameworks */,
				CD6711C28ADDC974338AECD5 /* [CP] Copy Pods Resources */,
			);
			buildRules = (
			);
			dependencies = (
			);
			name = Tindest;
			productName = Tindest;
			productReference = 13DE7D0E1DF7D91E006C07C5 /* Tindest.app */;
			productType = "com.apple.product-type.application";
		};
		13DE7D211DF7D91E006C07C5 /* TindestTests */ = {
			isa = PBXNativeTarget;
			buildConfigurationList = 13DE7D391DF7D91F006C07C5 /* Build configuration list for PBXNativeTarget "TindestTests" */;
			buildPhases = (
				13DE7D1E1DF7D91E006C07C5 /* Sources */,
				13DE7D1F1DF7D91E006C07C5 /* Frameworks */,
				13DE7D201DF7D91E006C07C5 /* Resources */,
			);
			buildRules = (
			);
			dependencies = (
				13DE7D241DF7D91F006C07C5 /* PBXTargetDependency */,
			);
			name = TindestTests;
			productName = TindestTests;
			productReference = 13DE7D221DF7D91E006C07C5 /* TindestTests.xctest */;
			productType = "com.apple.product-type.bundle.unit-test";
		};
		13DE7D2C1DF7D91F006C07C5 /* TindestUITests */ = {
			isa = PBXNativeTarget;
			buildConfigurationList = 13DE7D3C1DF7D91F006C07C5 /* Build configuration list for PBXNativeTarget "TindestUITests" */;
			buildPhases = (
				13DE7D291DF7D91F006C07C5 /* Sources */,
				13DE7D2A1DF7D91F006C07C5 /* Frameworks */,
				13DE7D2B1DF7D91F006C07C5 /* Resources */,
			);
			buildRules = (
			);
			dependencies = (
				13DE7D2F1DF7D91F006C07C5 /* PBXTargetDependency */,
			);
			name = TindestUITests;
			productName = TindestUITests;
			productReference = 13DE7D2D1DF7D91F006C07C5 /* TindestUITests.xctest */;
			productType = "com.apple.product-type.bundle.ui-testing";
		};
/* End PBXNativeTarget section */

/* Begin PBXProject section */
		13DE7D061DF7D91E006C07C5 /* Project object */ = {
			isa = PBXProject;
			attributes = {
				LastSwiftUpdateCheck = 0810;
				LastUpgradeCheck = 0820;
				ORGANIZATIONNAME = TakuSemba;
				TargetAttributes = {
					13DE7D0D1DF7D91E006C07C5 = {
						CreatedOnToolsVersion = 8.1;
						DevelopmentTeam = K582T3S2GH;
						ProvisioningStyle = Automatic;
					};
					13DE7D211DF7D91E006C07C5 = {
						CreatedOnToolsVersion = 8.1;
						DevelopmentTeam = TK2RZGFK7Y;
						ProvisioningStyle = Automatic;
						TestTargetID = 13DE7D0D1DF7D91E006C07C5;
					};
					13DE7D2C1DF7D91F006C07C5 = {
						CreatedOnToolsVersion = 8.1;
						DevelopmentTeam = TK2RZGFK7Y;
						ProvisioningStyle = Automatic;
						TestTargetID = 13DE7D0D1DF7D91E006C07C5;
					};
				};
			};
			buildConfigurationList = 13DE7D091DF7D91E006C07C5 /* Build configuration list for PBXProject "Tindest" */;
			compatibilityVersion = "Xcode 3.2";
			developmentRegion = English;
			hasScannedForEncodings = 0;
			knownRegions = (
				en,
				Base,
			);
			mainGroup = 13DE7D051DF7D91E006C07C5;
			productRefGroup = 13DE7D0F1DF7D91E006C07C5 /* Products */;
			projectDirPath = "";
			projectRoot = "";
			targets = (
				13DE7D0D1DF7D91E006C07C5 /* Tindest */,
				13DE7D211DF7D91E006C07C5 /* TindestTests */,
				13DE7D2C1DF7D91F006C07C5 /* TindestUITests */,
			);
		};
/* End PBXProject section */

/* Begin PBXResourcesBuildPhase section */
		13DE7D0C1DF7D91E006C07C5 /* Resources */ = {
			isa = PBXResourcesBuildPhase;
			buildActionMask = 2147483647;
			files = (
				132AF6151DFDA250005B549E /* MatchCollectionViewCell.xib in Resources */,
				13DE7D1C1DF7D91E006C07C5 /* LaunchScreen.storyboard in Resources */,
				1357FC8D1DFEB99100DAD45E /* MessageSectionHeaderView.xib in Resources */,
				13E683FF1E386E6E009340FA /* Chat.storyboard in Resources */,
				13DE7D4D1DF8008A006C07C5 /* Profile.storyboard in Resources */,
				13558E221DFAFF9100E0CC6B /* CardView.xib in Resources */,
				13C6AF461E38C60C00722A25 /* OppenentCell.xib in Resources */,
				13A576941DFFFCFB00A9515B /* SwipeOverlayView.xib in Resources */,
				13DE7D191DF7D91E006C07C5 /* Assets.xcassets in Resources */,
				13DE7D171DF7D91E006C07C5 /* Main.storyboard in Resources */,
				13DE7D4F1DF80091006C07C5 /* Message.storyboard in Resources */,
				132AF61B1DFDC465005B549E /* MessageTableViewCell.xib in Resources */,
				13DE7D531DF8388F006C07C5 /* TabItemCell.xib in Resources */,
				13A433B61E0BE92D002079F5 /* Detail.storyboard in Resources */,
				13AC0C181DFEC11C00EFE2BA /* MessageCollectionView.xib in Resources */,
				13DE7D4B1DF80082006C07C5 /* Swipe.storyboard in Resources */,
				13C6AF441E38C54F00722A25 /* MyselfCell.xib in Resources */,
			);
			runOnlyForDeploymentPostprocessing = 0;
		};
		13DE7D201DF7D91E006C07C5 /* Resources */ = {
			isa = PBXResourcesBuildPhase;
			buildActionMask = 2147483647;
			files = (
			);
			runOnlyForDeploymentPostprocessing = 0;
		};
		13DE7D2B1DF7D91F006C07C5 /* Resources */ = {
			isa = PBXResourcesBuildPhase;
			buildActionMask = 2147483647;
			files = (
			);
			runOnlyForDeploymentPostprocessing = 0;
		};
/* End PBXResourcesBuildPhase section */

/* Begin PBXShellScriptBuildPhase section */
		0F8A758B22CF963BA9998221 /* [CP] Embed Pods Frameworks */ = {
			isa = PBXShellScriptBuildPhase;
			buildActionMask = 2147483647;
			files = (
			);
			inputPaths = (
			);
			name = "[CP] Embed Pods Frameworks";
			outputPaths = (
			);
			runOnlyForDeploymentPostprocessing = 0;
			shellPath = /bin/sh;
			shellScript = "\"${SRCROOT}/Pods/Target Support Files/Pods-Tindest/Pods-Tindest-frameworks.sh\"\n";
			showEnvVarsInLog = 0;
		};
		AC19E738BE7248F9485CFC1B /* [CP] Check Pods Manifest.lock */ = {
			isa = PBXShellScriptBuildPhase;
			buildActionMask = 2147483647;
			files = (
			);
			inputPaths = (
			);
			name = "[CP] Check Pods Manifest.lock";
			outputPaths = (
			);
			runOnlyForDeploymentPostprocessing = 0;
			shellPath = /bin/sh;
			shellScript = "diff \"${PODS_ROOT}/../Podfile.lock\" \"${PODS_ROOT}/Manifest.lock\" > /dev/null\nif [ $? != 0 ] ; then\n    # print error to STDERR\n    echo \"error: The sandbox is not in sync with the Podfile.lock. Run 'pod install' or update your CocoaPods installation.\" >&2\n    exit 1\nfi\n";
			showEnvVarsInLog = 0;
		};
		CD6711C28ADDC974338AECD5 /* [CP] Copy Pods Resources */ = {
			isa = PBXShellScriptBuildPhase;
			buildActionMask = 2147483647;
			files = (
			);
			inputPaths = (
			);
			name = "[CP] Copy Pods Resources";
			outputPaths = (
			);
			runOnlyForDeploymentPostprocessing = 0;
			shellPath = /bin/sh;
			shellScript = "\"${SRCROOT}/Pods/Target Support Files/Pods-Tindest/Pods-Tindest-resources.sh\"\n";
			showEnvVarsInLog = 0;
		};
/* End PBXShellScriptBuildPhase section */

/* Begin PBXSourcesBuildPhase section */
		13DE7D0A1DF7D91E006C07C5 /* Sources */ = {
			isa = PBXSourcesBuildPhase;
			buildActionMask = 2147483647;
			files = (
				139462651E1B9DB000091218 /* SwipeViewModel.swift in Sources */,
				132AF6171DFDAA25005B549E /* MatchCollectionViewCell.swift in Sources */,
				13DE7D421DF7FF2C006C07C5 /* MainViewController.swift in Sources */,
				13D06BA91E0987B2003CDCBB /* MessageViewModel.swift in Sources */,
				13A433B11E0AB340002079F5 /* Shot.swift in Sources */,
				13558E201DFAFF8300E0CC6B /* CardView.swift in Sources */,
				13A433AF1E0AAD43002079F5 /* UserRequest.swift in Sources */,
				13DE7D121DF7D91E006C07C5 /* AppDelegate.swift in Sources */,
				13A433B31E0ABA0C002079F5 /* Image.swift in Sources */,
				13E38F641E2633DE00FE790F /* MovableUIButton.swift in Sources */,
				13A433AB1E0AACDE002079F5 /* Api.swift in Sources */,
				132AF61A1DFDC465005B549E /* MessageTableViewCell.swift in Sources */,
				13558E241DFB182800E0CC6B /* CustomKolodaView.swift in Sources */,
				13A433B81E0BE950002079F5 /* DetailViewController.swift in Sources */,
				13A576921DFFFC7800A9515B /* SwipeOverlayView.swift in Sources */,
				13DE7D441DF7FF8C006C07C5 /* SwipeViewController.swift in Sources */,
				13D06BA71E09867F003CDCBB /* User.swift in Sources */,
				1357FC8B1DFEB98400DAD45E /* MessageSectionHeaderView.swift in Sources */,
				13E38F621E260E4D00FE790F /* SwipeToDetailTransition.swift in Sources */,
				13DE7D461DF7FF97006C07C5 /* ProfileViewController.swift in Sources */,
				13558E1D1DFAE08600E0CC6B /* UIColorExtension.swift in Sources */,
				13DE7D551DF8391D006C07C5 /* TabItemCell.swift in Sources */,
				13E683FD1E386E62009340FA /* ChatViewController.swift in Sources */,
				13A433AD1E0AAD38002079F5 /* ShotRequest.swift in Sources */,
				13DE7D481DF7FFA0006C07C5 /* MessageViewController.swift in Sources */,
				13AC0C161DFEC11200EFE2BA /* MessageCollectionView.swift in Sources */,
			);
			runOnlyForDeploymentPostprocessing = 0;
		};
		13DE7D1E1DF7D91E006C07C5 /* Sources */ = {
			isa = PBXSourcesBuildPhase;
			buildActionMask = 2147483647;
			files = (
				13DE7D271DF7D91F006C07C5 /* TindestTests.swift in Sources */,
			);
			runOnlyForDeploymentPostprocessing = 0;
		};
		13DE7D291DF7D91F006C07C5 /* Sources */ = {
			isa = PBXSourcesBuildPhase;
			buildActionMask = 2147483647;
			files = (
				13DE7D321DF7D91F006C07C5 /* TindestUITests.swift in Sources */,
			);
			runOnlyForDeploymentPostprocessing = 0;
		};
/* End PBXSourcesBuildPhase section */

/* Begin PBXTargetDependency section */
		13DE7D241DF7D91F006C07C5 /* PBXTargetDependency */ = {
			isa = PBXTargetDependency;
			target = 13DE7D0D1DF7D91E006C07C5 /* Tindest */;
			targetProxy = 13DE7D231DF7D91F006C07C5 /* PBXContainerItemProxy */;
		};
		13DE7D2F1DF7D91F006C07C5 /* PBXTargetDependency */ = {
			isa = PBXTargetDependency;
			target = 13DE7D0D1DF7D91E006C07C5 /* Tindest */;
			targetProxy = 13DE7D2E1DF7D91F006C07C5 /* PBXContainerItemProxy */;
		};
/* End PBXTargetDependency section */

/* Begin PBXVariantGroup section */
		13DE7D151DF7D91E006C07C5 /* Main.storyboard */ = {
			isa = PBXVariantGroup;
			children = (
				13DE7D161DF7D91E006C07C5 /* Base */,
			);
			name = Main.storyboard;
			sourceTree = "<group>";
		};
		13DE7D1A1DF7D91E006C07C5 /* LaunchScreen.storyboard */ = {
			isa = PBXVariantGroup;
			children = (
				13DE7D1B1DF7D91E006C07C5 /* Base */,
			);
			name = LaunchScreen.storyboard;
			sourceTree = "<group>";
		};
/* End PBXVariantGroup section */

/* Begin XCBuildConfiguration section */
		13DE7D341DF7D91F006C07C5 /* Debug */ = {
			isa = XCBuildConfiguration;
			buildSettings = {
				ALWAYS_SEARCH_USER_PATHS = NO;
				CLANG_ANALYZER_NONNULL = YES;
				CLANG_CXX_LANGUAGE_STANDARD = "gnu++0x";
				CLANG_CXX_LIBRARY = "libc++";
				CLANG_ENABLE_MODULES = YES;
				CLANG_ENABLE_OBJC_ARC = YES;
				CLANG_WARN_BOOL_CONVERSION = YES;
				CLANG_WARN_CONSTANT_CONVERSION = YES;
				CLANG_WARN_DIRECT_OBJC_ISA_USAGE = YES_ERROR;
				CLANG_WARN_DOCUMENTATION_COMMENTS = YES;
				CLANG_WARN_EMPTY_BODY = YES;
				CLANG_WARN_ENUM_CONVERSION = YES;
				CLANG_WARN_INFINITE_RECURSION = YES;
				CLANG_WARN_INT_CONVERSION = YES;
				CLANG_WARN_OBJC_ROOT_CLASS = YES_ERROR;
				CLANG_WARN_SUSPICIOUS_MOVE = YES;
				CLANG_WARN_SUSPICIOUS_MOVES = YES;
				CLANG_WARN_UNREACHABLE_CODE = YES;
				CLANG_WARN__DUPLICATE_METHOD_MATCH = YES;
				"CODE_SIGN_IDENTITY[sdk=iphoneos*]" = "iPhone Developer";
				COPY_PHASE_STRIP = NO;
				DEBUG_INFORMATION_FORMAT = dwarf;
				ENABLE_STRICT_OBJC_MSGSEND = YES;
				ENABLE_TESTABILITY = YES;
				GCC_C_LANGUAGE_STANDARD = gnu99;
				GCC_DYNAMIC_NO_PIC = NO;
				GCC_NO_COMMON_BLOCKS = YES;
				GCC_OPTIMIZATION_LEVEL = 0;
				GCC_PREPROCESSOR_DEFINITIONS = (
					"DEBUG=1",
					"$(inherited)",
				);
				GCC_WARN_64_TO_32_BIT_CONVERSION = YES;
				GCC_WARN_ABOUT_RETURN_TYPE = YES_ERROR;
				GCC_WARN_UNDECLARED_SELECTOR = YES;
				GCC_WARN_UNINITIALIZED_AUTOS = YES_AGGRESSIVE;
				GCC_WARN_UNUSED_FUNCTION = YES;
				GCC_WARN_UNUSED_VARIABLE = YES;
				IPHONEOS_DEPLOYMENT_TARGET = 9.0;
				MTL_ENABLE_DEBUG_INFO = YES;
				ONLY_ACTIVE_ARCH = YES;
				SDKROOT = iphoneos;
				SWIFT_ACTIVE_COMPILATION_CONDITIONS = DEBUG;
				SWIFT_OPTIMIZATION_LEVEL = "-Onone";
				TARGETED_DEVICE_FAMILY = "1,2";
			};
			name = Debug;
		};
		13DE7D351DF7D91F006C07C5 /* Release */ = {
			isa = XCBuildConfiguration;
			buildSettings = {
				ALWAYS_SEARCH_USER_PATHS = NO;
				CLANG_ANALYZER_NONNULL = YES;
				CLANG_CXX_LANGUAGE_STANDARD = "gnu++0x";
				CLANG_CXX_LIBRARY = "libc++";
				CLANG_ENABLE_MODULES = YES;
				CLANG_ENABLE_OBJC_ARC = YES;
				CLANG_WARN_BOOL_CONVERSION = YES;
				CLANG_WARN_CONSTANT_CONVERSION = YES;
				CLANG_WARN_DIRECT_OBJC_ISA_USAGE = YES_ERROR;
				CLANG_WARN_DOCUMENTATION_COMMENTS = YES;
				CLANG_WARN_EMPTY_BODY = YES;
				CLANG_WARN_ENUM_CONVERSION = YES;
				CLANG_WARN_INFINITE_RECURSION = YES;
				CLANG_WARN_INT_CONVERSION = YES;
				CLANG_WARN_OBJC_ROOT_CLASS = YES_ERROR;
				CLANG_WARN_SUSPICIOUS_MOVE = YES;
				CLANG_WARN_SUSPICIOUS_MOVES = YES;
				CLANG_WARN_UNREACHABLE_CODE = YES;
				CLANG_WARN__DUPLICATE_METHOD_MATCH = YES;
				"CODE_SIGN_IDENTITY[sdk=iphoneos*]" = "iPhone Developer";
				COPY_PHASE_STRIP = NO;
				DEBUG_INFORMATION_FORMAT = "dwarf-with-dsym";
				ENABLE_NS_ASSERTIONS = NO;
				ENABLE_STRICT_OBJC_MSGSEND = YES;
				GCC_C_LANGUAGE_STANDARD = gnu99;
				GCC_NO_COMMON_BLOCKS = YES;
				GCC_WARN_64_TO_32_BIT_CONVERSION = YES;
				GCC_WARN_ABOUT_RETURN_TYPE = YES_ERROR;
				GCC_WARN_UNDECLARED_SELECTOR = YES;
				GCC_WARN_UNINITIALIZED_AUTOS = YES_AGGRESSIVE;
				GCC_WARN_UNUSED_FUNCTION = YES;
				GCC_WARN_UNUSED_VARIABLE = YES;
				IPHONEOS_DEPLOYMENT_TARGET = 9.0;
				MTL_ENABLE_DEBUG_INFO = NO;
				SDKROOT = iphoneos;
				SWIFT_OPTIMIZATION_LEVEL = "-Owholemodule";
				TARGETED_DEVICE_FAMILY = "1,2";
				VALIDATE_PRODUCT = YES;
			};
			name = Release;
		};
		13DE7D371DF7D91F006C07C5 /* Debug */ = {
			isa = XCBuildConfiguration;
			baseConfigurationReference = F45F37F78CF7F5F37003FA2B /* Pods-Tindest.debug.xcconfig */;
			buildSettings = {
				ALWAYS_EMBED_SWIFT_STANDARD_LIBRARIES = YES;
				ASSETCATALOG_COMPILER_APPICON_NAME = AppIcon;
				"CODE_SIGN_IDENTITY[sdk=iphoneos*]" = "iPhone Developer";
				DEVELOPMENT_TEAM = K582T3S2GH;
				INFOPLIST_FILE = Tindest/Info.plist;
				IPHONEOS_DEPLOYMENT_TARGET = 9.0;
				LD_RUNPATH_SEARCH_PATHS = "$(inherited) @executable_path/Frameworks";
				PRODUCT_BUNDLE_IDENTIFIER = com.takusemba.Tindest;
				PRODUCT_NAME = "$(TARGET_NAME)";
				SWIFT_VERSION = 3.0;
			};
			name = Debug;
		};
		13DE7D381DF7D91F006C07C5 /* Release */ = {
			isa = XCBuildConfiguration;
			baseConfigurationReference = BDE0E4EB18B390D8F8A50AC7 /* Pods-Tindest.release.xcconfig */;
			buildSettings = {
				ALWAYS_EMBED_SWIFT_STANDARD_LIBRARIES = YES;
				ASSETCATALOG_COMPILER_APPICON_NAME = AppIcon;
				"CODE_SIGN_IDENTITY[sdk=iphoneos*]" = "iPhone Developer";
				DEVELOPMENT_TEAM = K582T3S2GH;
				INFOPLIST_FILE = Tindest/Info.plist;
				IPHONEOS_DEPLOYMENT_TARGET = 9.0;
				LD_RUNPATH_SEARCH_PATHS = "$(inherited) @executable_path/Frameworks";
				PRODUCT_BUNDLE_IDENTIFIER = com.takusemba.Tindest;
				PRODUCT_NAME = "$(TARGET_NAME)";
				SWIFT_VERSION = 3.0;
			};
			name = Release;
		};
		13DE7D3A1DF7D91F006C07C5 /* Debug */ = {
			isa = XCBuildConfiguration;
			buildSettings = {
				ALWAYS_EMBED_SWIFT_STANDARD_LIBRARIES = YES;
				BUNDLE_LOADER = "$(TEST_HOST)";
				DEVELOPMENT_TEAM = TK2RZGFK7Y;
				INFOPLIST_FILE = TindestTests/Info.plist;
				LD_RUNPATH_SEARCH_PATHS = "$(inherited) @executable_path/Frameworks @loader_path/Frameworks";
				PRODUCT_BUNDLE_IDENTIFIER = takusemba.TindestTests;
				PRODUCT_NAME = "$(TARGET_NAME)";
				SWIFT_VERSION = 3.0;
				TEST_HOST = "$(BUILT_PRODUCTS_DIR)/Tindest.app/Tindest";
			};
			name = Debug;
		};
		13DE7D3B1DF7D91F006C07C5 /* Release */ = {
			isa = XCBuildConfiguration;
			buildSettings = {
				ALWAYS_EMBED_SWIFT_STANDARD_LIBRARIES = YES;
				BUNDLE_LOADER = "$(TEST_HOST)";
				DEVELOPMENT_TEAM = TK2RZGFK7Y;
				INFOPLIST_FILE = TindestTests/Info.plist;
				LD_RUNPATH_SEARCH_PATHS = "$(inherited) @executable_path/Frameworks @loader_path/Frameworks";
				PRODUCT_BUNDLE_IDENTIFIER = takusemba.TindestTests;
				PRODUCT_NAME = "$(TARGET_NAME)";
				SWIFT_VERSION = 3.0;
				TEST_HOST = "$(BUILT_PRODUCTS_DIR)/Tindest.app/Tindest";
			};
			name = Release;
		};
		13DE7D3D1DF7D91F006C07C5 /* Debug */ = {
			isa = XCBuildConfiguration;
			buildSettings = {
				ALWAYS_EMBED_SWIFT_STANDARD_LIBRARIES = YES;
				DEVELOPMENT_TEAM = TK2RZGFK7Y;
				INFOPLIST_FILE = TindestUITests/Info.plist;
				LD_RUNPATH_SEARCH_PATHS = "$(inherited) @executable_path/Frameworks @loader_path/Frameworks";
				PRODUCT_BUNDLE_IDENTIFIER = takusemba.TindestUITests;
				PRODUCT_NAME = "$(TARGET_NAME)";
				SWIFT_VERSION = 3.0;
				TEST_TARGET_NAME = Tindest;
			};
			name = Debug;
		};
		13DE7D3E1DF7D91F006C07C5 /* Release */ = {
			isa = XCBuildConfiguration;
			buildSettings = {
				ALWAYS_EMBED_SWIFT_STANDARD_LIBRARIES = YES;
				DEVELOPMENT_TEAM = TK2RZGFK7Y;
				INFOPLIST_FILE = TindestUITests/Info.plist;
				LD_RUNPATH_SEARCH_PATHS = "$(inherited) @executable_path/Frameworks @loader_path/Frameworks";
				PRODUCT_BUNDLE_IDENTIFIER = takusemba.TindestUITests;
				PRODUCT_NAME = "$(TARGET_NAME)";
				SWIFT_VERSION = 3.0;
				TEST_TARGET_NAME = Tindest;
			};
			name = Release;
		};
/* End XCBuildConfiguration section */

/* Begin XCConfigurationList section */
		13DE7D091DF7D91E006C07C5 /* Build configuration list for PBXProject "Tindest" */ = {
			isa = XCConfigurationList;
			buildConfigurations = (
				13DE7D341DF7D91F006C07C5 /* Debug */,
				13DE7D351DF7D91F006C07C5 /* Release */,
			);
			defaultConfigurationIsVisible = 0;
			defaultConfigurationName = Release;
		};
		13DE7D361DF7D91F006C07C5 /* Build configuration list for PBXNativeTarget "Tindest" */ = {
			isa = XCConfigurationList;
			buildConfigurations = (
				13DE7D371DF7D91F006C07C5 /* Debug */,
				13DE7D381DF7D91F006C07C5 /* Release */,
			);
			defaultConfigurationIsVisible = 0;
			defaultConfigurationName = Release;
		};
		13DE7D391DF7D91F006C07C5 /* Build configuration list for PBXNativeTarget "TindestTests" */ = {
			isa = XCConfigurationList;
			buildConfigurations = (
				13DE7D3A1DF7D91F006C07C5 /* Debug */,
				13DE7D3B1DF7D91F006C07C5 /* Release */,
			);
			defaultConfigurationIsVisible = 0;
			defaultConfigurationName = Release;
		};
		13DE7D3C1DF7D91F006C07C5 /* Build configuration list for PBXNativeTarget "TindestUITests" */ = {
			isa = XCConfigurationList;
			buildConfigurations = (
				13DE7D3D1DF7D91F006C07C5 /* Debug */,
				13DE7D3E1DF7D91F006C07C5 /* Release */,
			);
			defaultConfigurationIsVisible = 0;
			defaultConfigurationName = Release;
		};
/* End XCConfigurationList section */
	};
	rootObject = 13DE7D061DF7D91E006C07C5 /* Project object */;
}
